<?xml version="1.0" encoding="utf-8"?>
<Project ToolsVersion="4.0" xmlns="http://schemas.microsoft.com/developer/msbuild/2003">
  <ItemGroup>
    <Filter Include="ソース ファイル">
      <UniqueIdentifier>{4FC737F1-C7A5-4376-A066-2A32D752A2FF}</UniqueIdentifier>
      <Extensions>cpp;c;cc;cxx;c++;cppm;ixx;def;odl;idl;hpj;bat;asm;asmx</Extensions>
    </Filter>
    <Filter Include="ヘッダー ファイル">
      <UniqueIdentifier>{93995380-89BD-4b04-88EB-625FBE52EBFB}</UniqueIdentifier>
      <Extensions>h;hh;hpp;hxx;h++;hm;inl;inc;ipp;xsd</Extensions>
    </Filter>
    <Filter Include="リソース ファイル">
      <UniqueIdentifier>{67DA6AB6-F800-4c08-8B7A-83BB121AAD01}</UniqueIdentifier>
      <Extensions>rc;ico;cur;bmp;dlg;rc2;rct;bin;rgs;gif;jpg;jpeg;jpe;resx;tiff;tif;png;wav;mfcribbon-ms</Extensions>
    </Filter>
    <Filter Include="hlsl">
      <UniqueIdentifier>{6eef5b61-97be-4c0e-826c-09de3d8a6460}</UniqueIdentifier>
    </Filter>
  </ItemGroup>
  <ItemGroup>
    <ClCompile Include="Source\Engine\src\Utility\FileConverter\BIN_FILE12.cpp">
      <Filter>ソース ファイル</Filter>
    </ClCompile>
    <ClCompile Include="Source\Engine\src\Utility\FileConverter\FBXConverter.cpp">
      <Filter>ソース ファイル</Filter>
    </ClCompile>
    <ClCompile Include="Source\Engine\src\Graphic\Core\Graphic.cpp">
      <Filter>ソース ファイル</Filter>
    </ClCompile>
    <ClCompile Include="Source\Engine\src\GameObject\Actor.cpp">
      <Filter>ソース ファイル</Filter>
    </ClCompile>
    <ClCompile Include="Source\Engine\src\GameLoopCore\Game.cpp">
      <Filter>ソース ファイル</Filter>
    </ClCompile>
    <ClCompile Include="Source\Engine\src\Utility\Input\input.cpp">
      <Filter>ソース ファイル</Filter>
    </ClCompile>
    <ClCompile Include="Source\Engine\src\Utility\Time\timer.cpp">
      <Filter>ソース ファイル</Filter>
    </ClCompile>
    <ClCompile Include="Source\Engine\src\GameObject\Component\Component.cpp">
      <Filter>ソース ファイル</Filter>
    </ClCompile>
    <ClCompile Include="Source\Engine\src\GameObject\Component\MeshComponent.cpp">
      <Filter>ソース ファイル</Filter>
    </ClCompile>
    <ClCompile Include="Source\Engine\src\Utility\Math\Math.cpp">
      <Filter>ソース ファイル</Filter>
    </ClCompile>
    <ClCompile Include="Source\Engine\src\GameObject\Component\SpriteComponent.cpp">
      <Filter>ソース ファイル</Filter>
    </ClCompile>
    <ClCompile Include="Source\Engine\src\GameObject\Component\TextComponent.cpp">
      <Filter>ソース ファイル</Filter>
    </ClCompile>
    <ClCompile Include="Source\Engine\src\Memory\AssetManager.cpp">
      <Filter>ソース ファイル</Filter>
    </ClCompile>
    <ClCompile Include="Source\Engine\src\Utility\Math\Random.cpp">
      <Filter>ソース ファイル</Filter>
    </ClCompile>
    <ClCompile Include="Source\Engine\src\Scene\SceneManager.cpp">
      <Filter>ソース ファイル</Filter>
    </ClCompile>
    <ClCompile Include="Source\Engine\src\Utility\MyUtility.cpp">
      <Filter>ソース ファイル</Filter>
    </ClCompile>
    <ClCompile Include="Source\Engine\src\Audio\AudioManager.cpp">
      <Filter>ソース ファイル</Filter>
    </ClCompile>
    <ClCompile Include="Source\Engine\src\Scene\Scene.cpp">
      <Filter>ソース ファイル</Filter>
    </ClCompile>
    <ClCompile Include="Source\Engine\src\Editer\GUIDebugger.cpp">
      <Filter>ソース ファイル</Filter>
    </ClCompile>
    <ClCompile Include="External\Imgui\imgui.cpp">
      <Filter>ソース ファイル</Filter>
    </ClCompile>
    <ClCompile Include="External\Imgui\imgui_demo.cpp">
      <Filter>ソース ファイル</Filter>
    </ClCompile>
    <ClCompile Include="External\Imgui\imgui_draw.cpp">
      <Filter>ソース ファイル</Filter>
    </ClCompile>
    <ClCompile Include="External\Imgui\imgui_impl_dx12.cpp">
      <Filter>ソース ファイル</Filter>
    </ClCompile>
    <ClCompile Include="External\Imgui\imgui_impl_win32.cpp">
      <Filter>ソース ファイル</Filter>
    </ClCompile>
    <ClCompile Include="External\Imgui\imgui_widgets.cpp">
      <Filter>ソース ファイル</Filter>
    </ClCompile>
    <ClCompile Include="External\Imgui\imgui_tables.cpp">
      <Filter>ソース ファイル</Filter>
    </ClCompile>
    <ClCompile Include="External\Imgui\imgui_stdlib.cpp">
      <Filter>ソース ファイル</Filter>
    </ClCompile>
    <ClCompile Include="Source\Engine\src\Utility\FileConverter\myJson.cpp">
      <Filter>ソース ファイル</Filter>
    </ClCompile>
    <ClCompile Include="Source\Engine\src\Editer\Object.cpp">
      <Filter>ソース ファイル</Filter>
    </ClCompile>
    <ClCompile Include="Source\Engine\src\GameLoopCore\WinMain.cpp">
      <Filter>ソース ファイル</Filter>
    </ClCompile>
    <ClCompile Include="Source\Engine\src\Graphic\Effect\FadeGenerator.cpp">
      <Filter>ソース ファイル</Filter>
    </ClCompile>
    <ClCompile Include="Source\pch\pch.cpp">
      <Filter>ソース ファイル</Filter>
    </ClCompile>
    <ClCompile Include="Source\Game\src\SimulationScene.cpp">
      <Filter>ソース ファイル</Filter>
    </ClCompile>
    <ClCompile Include="Source\Engine\src\Memory\RWStructuredBuffer.cpp">
      <Filter>ソース ファイル</Filter>
    </ClCompile>
    <ClCompile Include="Source\Engine\src\Memory\DescriptorHeap.cpp">
      <Filter>ソース ファイル</Filter>
    </ClCompile>
    <ClCompile Include="Source\Engine\src\Memory\ConstantBuffer.cpp">
      <Filter>ソース ファイル</Filter>
    </ClCompile>
    <ClCompile Include="Source\Engine\src\Memory\TextCBSuballocation.cpp">
      <Filter>ソース ファイル</Filter>
    </ClCompile>
    <ClCompile Include="Source\Engine\src\Memory\MeshBaseCBSuballocation.cpp">
      <Filter>ソース ファイル</Filter>
    </ClCompile>
    <ClCompile Include="Source\Engine\src\Memory\MeshMaterialCBSuballocation.cpp">
      <Filter>ソース ファイル</Filter>
    </ClCompile>
    <ClCompile Include="Source\Engine\src\Memory\MeshWorldCBSuballocation.cpp">
      <Filter>ソース ファイル</Filter>
    </ClCompile>
    <ClCompile Include="Source\Engine\src\Memory\SpriteCBSuballocation.cpp">
      <Filter>ソース ファイル</Filter>
    </ClCompile>
    <ClCompile Include="Source\Engine\src\Memory\VertexBuffer.cpp">
      <Filter>ソース ファイル</Filter>
    </ClCompile>
    <ClCompile Include="Source\Engine\src\Memory\IndexBuffer.cpp">
      <Filter>ソース ファイル</Filter>
    </ClCompile>
    <ClCompile Include="Source\Game\src\CyanoSimulator.cpp">
      <Filter>ソース ファイル</Filter>
    </ClCompile>
    <ClCompile Include="Source\Engine\src\Graphic\Core\PipelineStateBuilder.cpp">
      <Filter>ソース ファイル</Filter>
    </ClCompile>
    <ClCompile Include="Source\Engine\src\Graphic\Core\RootSignatureBuilder.cpp">
      <Filter>ソース ファイル</Filter>
    </ClCompile>
    <ClCompile Include="Source\Engine\src\Graphic\Core\ComputePipelineStateBuilder.cpp">
      <Filter>ソース ファイル</Filter>
    </ClCompile>
    <ClCompile Include="Source\Game\src\CyanoCalculator.cpp">
      <Filter>ソース ファイル</Filter>
    </ClCompile>
    <ClCompile Include="Source\Engine\src\Memory\StructuredBuffer.cpp">
      <Filter>ソース ファイル</Filter>
    </ClCompile>
    <ClCompile Include="Source\Engine\src\Memory\ReadBackBuffer.cpp">
      <Filter>ソース ファイル</Filter>
    </ClCompile>
    <ClCompile Include="Source\Engine\src\Graphic\Core\Fence.cpp">
      <Filter>ソース ファイル</Filter>
    </ClCompile>
    <ClCompile Include="Source\Engine\src\Memory\UploadHeap.cpp">
      <Filter>ソース ファイル</Filter>
    </ClCompile>
  </ItemGroup>
  <ItemGroup>
    <ClInclude Include="Source\Engine\include\Utility\FileConverter\BIN_FILE12.h">
      <Filter>ヘッダー ファイル</Filter>
    </ClInclude>
    <ClInclude Include="Source\Engine\include\GameLoopCore\WinMain.h">
      <Filter>ヘッダー ファイル</Filter>
    </ClInclude>
    <ClInclude Include="Source\Engine\include\Utility\FileConverter\FBXConverter.h">
      <Filter>ヘッダー ファイル</Filter>
    </ClInclude>
    <ClInclude Include="Source\Engine\include\GameObject\Actor.h">
      <Filter>ヘッダー ファイル</Filter>
    </ClInclude>
    <ClInclude Include="Source\Engine\include\Graphic\Core\Definition.h">
      <Filter>ヘッダー ファイル</Filter>
    </ClInclude>
    <ClInclude Include="Source\Engine\include\GameLoopCore\Game.h">
      <Filter>ヘッダー ファイル</Filter>
    </ClInclude>
    <ClInclude Include="Source\Engine\include\Graphic\Core\Graphic.h">
      <Filter>ヘッダー ファイル</Filter>
    </ClInclude>
    <ClInclude Include="Source\Engine\include\Utility\Input\input.h">
      <Filter>ヘッダー ファイル</Filter>
    </ClInclude>
    <ClInclude Include="Source\Engine\include\Utility\Time\timer.h">
      <Filter>ヘッダー ファイル</Filter>
    </ClInclude>
    <ClInclude Include="Source\Engine\include\GameObject\Component\Component.h">
      <Filter>ヘッダー ファイル</Filter>
    </ClInclude>
    <ClInclude Include="Source\Engine\include\GameObject\Component\MeshComponent.h">
      <Filter>ヘッダー ファイル</Filter>
    </ClInclude>
    <ClInclude Include="Source\Engine\include\Utility\Math\Math.h">
      <Filter>ヘッダー ファイル</Filter>
    </ClInclude>
    <ClInclude Include="Source\Engine\include\GameObject\Component\SpriteComponent.h">
      <Filter>ヘッダー ファイル</Filter>
    </ClInclude>
    <ClInclude Include="Source\Engine\include\GameObject\Component\TextComponent.h">
      <Filter>ヘッダー ファイル</Filter>
    </ClInclude>
    <ClInclude Include="Source\Engine\include\Memory\AssetManager.h">
      <Filter>ヘッダー ファイル</Filter>
    </ClInclude>
    <ClInclude Include="Source\Engine\include\Utility\Math\Random.h">
      <Filter>ヘッダー ファイル</Filter>
    </ClInclude>
    <ClInclude Include="External\Json\json.hpp">
      <Filter>ヘッダー ファイル</Filter>
    </ClInclude>
    <ClInclude Include="Source\Engine\include\Scene\SceneManager.h">
      <Filter>ヘッダー ファイル</Filter>
    </ClInclude>
    <ClInclude Include="Source\Engine\include\Utility\MyUtility.h">
      <Filter>ヘッダー ファイル</Filter>
    </ClInclude>
    <ClInclude Include="Source\Engine\include\Audio\AudioManager.h">
      <Filter>ヘッダー ファイル</Filter>
    </ClInclude>
    <ClInclude Include="Source\Engine\include\Utility\Math\PerlinNoise1D.h">
      <Filter>ヘッダー ファイル</Filter>
    </ClInclude>
    <ClInclude Include="Source\Engine\include\Scene\Scene.h">
      <Filter>ヘッダー ファイル</Filter>
    </ClInclude>
    <ClInclude Include="Source\Engine\include\Editer\GUIDebugger.h">
      <Filter>ヘッダー ファイル</Filter>
    </ClInclude>
    <ClInclude Include="Source\Engine\include\Utility\FileConverter\myJson.h">
      <Filter>ヘッダー ファイル</Filter>
    </ClInclude>
    <ClInclude Include="External\Json\json_fwd.hpp">
      <Filter>ヘッダー ファイル</Filter>
    </ClInclude>
    <ClInclude Include="Source\Engine\include\Editer\Object.h">
      <Filter>ヘッダー ファイル</Filter>
    </ClInclude>
    <ClInclude Include="Source\Engine\include\Graphic\Effect\FadeGenerator.h">
      <Filter>ヘッダー ファイル</Filter>
    </ClInclude>
    <ClInclude Include="Source\pch\pch.h">
      <Filter>ヘッダー ファイル</Filter>
    </ClInclude>
    <ClInclude Include="Source\Game\include\SimulationScene.h">
      <Filter>ヘッダー ファイル</Filter>
    </ClInclude>
    <ClInclude Include="Source\Engine\include\Memory\RWStructuredBuffer.h">
      <Filter>ヘッダー ファイル</Filter>
    </ClInclude>
    <ClInclude Include="Source\Engine\include\Memory\DescriptorHeap.h">
      <Filter>ヘッダー ファイル</Filter>
    </ClInclude>
    <ClInclude Include="Source\Engine\include\Memory\ConstantBuffer.h">
      <Filter>ヘッダー ファイル</Filter>
    </ClInclude>
    <ClInclude Include="Source\Engine\include\Memory\TextCBSuballocation.h">
      <Filter>ヘッダー ファイル</Filter>
    </ClInclude>
    <ClInclude Include="Source\Engine\include\Memory\MeshBaseCBSuballocation.h">
      <Filter>ヘッダー ファイル</Filter>
    </ClInclude>
    <ClInclude Include="Source\Engine\include\Memory\MeshMaterialCBSuballocation.h">
      <Filter>ヘッダー ファイル</Filter>
    </ClInclude>
    <ClInclude Include="Source\Engine\include\Memory\MeshWorldCBSuballocation.h">
      <Filter>ヘッダー ファイル</Filter>
    </ClInclude>
    <ClInclude Include="Source\Engine\include\Memory\SpriteCBSuballocation.h">
      <Filter>ヘッダー ファイル</Filter>
    </ClInclude>
    <ClInclude Include="Source\Engine\include\Memory\VertexBuffer.h">
      <Filter>ヘッダー ファイル</Filter>
    </ClInclude>
    <ClInclude Include="Source\Engine\include\Memory\IndexBuffer.h">
      <Filter>ヘッダー ファイル</Filter>
    </ClInclude>
    <ClInclude Include="Source\Game\include\CyanoSimulator.h">
      <Filter>ヘッダー ファイル</Filter>
    </ClInclude>
    <ClInclude Include="Source\Engine\include\Graphic\Core\PipelineStateBuilder.h">
      <Filter>ヘッダー ファイル</Filter>
    </ClInclude>
    <ClInclude Include="Source\Engine\include\Graphic\Core\RootSignatureBuilder.h">
      <Filter>ヘッダー ファイル</Filter>
    </ClInclude>
    <ClInclude Include="Source\Engine\include\Graphic\Core\ComputePipelineStateBuilder.h">
      <Filter>ヘッダー ファイル</Filter>
    </ClInclude>
    <ClInclude Include="Source\Game\include\CyanoCalculator.h">
      <Filter>ヘッダー ファイル</Filter>
    </ClInclude>
    <ClInclude Include="Source\Engine\include\Memory\StructuredBuffer.h">
      <Filter>ヘッダー ファイル</Filter>
    </ClInclude>
    <ClInclude Include="Source\Engine\include\Memory\ReadBackBuffer.h">
      <Filter>ヘッダー ファイル</Filter>
    </ClInclude>
    <ClInclude Include="Source\Engine\include\Graphic\Core\Fence.h">
      <Filter>ヘッダー ファイル</Filter>
    </ClInclude>
    <ClInclude Include="Source\Engine\include\Memory\UploadHeap.h">
      <Filter>ヘッダー ファイル</Filter>
    </ClInclude>
  </ItemGroup>
  <ItemGroup>
    <FxCompile Include="Content\Shader\hlsl\2DPixelShader.hlsl">
      <Filter>hlsl</Filter>
    </FxCompile>
    <FxCompile Include="Content\Shader\hlsl\2DVertexShader.hlsl">
      <Filter>hlsl</Filter>
    </FxCompile>
    <FxCompile Include="Content\Shader\hlsl\FadePixelShader.hlsl">
      <Filter>hlsl</Filter>
    </FxCompile>
    <FxCompile Include="Content\Shader\hlsl\FadeVertexShader.hlsl">
      <Filter>hlsl</Filter>
    </FxCompile>
    <FxCompile Include="Content\Shader\hlsl\PixelShader.hlsl">
      <Filter>hlsl</Filter>
    </FxCompile>
    <FxCompile Include="Content\Shader\hlsl\VertexShader.hlsl">
      <Filter>hlsl</Filter>
    </FxCompile>
    <FxCompile Include="Content\Shader\hlsl\CyanoVertexShader.hlsl">
      <Filter>hlsl</Filter>
    </FxCompile>
    <FxCompile Include="Content\Shader\hlsl\CyanoPixelShader.hlsl">
      <Filter>hlsl</Filter>
    </FxCompile>
    <FxCompile Include="Content\Shader\hlsl\CellIdxHistogramCS.hlsl">
      <Filter>hlsl</Filter>
    </FxCompile>
    <FxCompile Include="Content\Shader\hlsl\ScatterCS.hlsl">
      <Filter>hlsl</Filter>
    </FxCompile>
  </ItemGroup>
  <ItemGroup>
    <None Include="Content\Shader\hlsl\Header.hlsli">
      <Filter>hlsl</Filter>
    </None>
    <None Include="Content\Shader\hlsl\FadeHeader.hlsli">
      <Filter>hlsl</Filter>
    </None>
    <None Include="Content\Shader\hlsl\CyanoHeader.hlsli">
      <Filter>hlsl</Filter>
    </None>
  </ItemGroup>
</Project>